
Microsoft Visual Studio Solution File, Format Version 12.00
# Visual Studio Version 16
VisualStudioVersion = 16.0.30804.86
MinimumVisualStudioVersion = 15.0.26124.0
Project("{2150E333-8FDC-42A3-9474-1A3956D46DE8}") = "Common", "Common", "{29768849-A914-42C0-80A1-64DAC9B51BDC}"
EndProject
Project("{FAE04EC0-301F-11D3-BF4B-00C04F79EFBC}") = "CRCIS.Web.INoor.CRM.Utility", "Common\CRCIS.Web.INoor.CRM.Utility\CRCIS.Web.INoor.CRM.Utility.csproj", "{5688E5B7-4509-4A33-BB96-F3441091CCE0}"
EndProject
Project("{2150E333-8FDC-42A3-9474-1A3956D46DE8}") = "Domain", "Domain", "{7302D268-C572-4961-9C9C-C628F1B9BC56}"
EndProject
Project("{FAE04EC0-301F-11D3-BF4B-00C04F79EFBC}") = "CRCIS.Web.INoor.CRM.Domain", "Domain\CRCIS.Web.INoor.CRM.Domain\CRCIS.Web.INoor.CRM.Domain.csproj", "{9304F66A-6121-43D9-A0A7-9BDDDB4E6FDA}"
EndProject
Project("{2150E333-8FDC-42A3-9474-1A3956D46DE8}") = "Framework", "Framework", "{D419A07F-AA6C-45DB-A771-D8DB4648CDE6}"
EndProject
Project("{FAE04EC0-301F-11D3-BF4B-00C04F79EFBC}") = "CRCIS.Web.INoor.CRM.Contract", "Framework\CRCIS.Web.INoor.CRM.Contract\CRCIS.Web.INoor.CRM.Contract.csproj", "{8B2B1451-517A-4228-AB45-E0CC98375D15}"
	ProjectSection(ProjectDependencies) = postProject
		{9304F66A-6121-43D9-A0A7-9BDDDB4E6FDA} = {9304F66A-6121-43D9-A0A7-9BDDDB4E6FDA}
	EndProjectSection
EndProject
Project("{FAE04EC0-301F-11D3-BF4B-00C04F79EFBC}") = "CRCIS.Web.INoor.CRM.Data", "Framework\CRCIS.Web.INoor.CRM.Data\CRCIS.Web.INoor.CRM.Data.csproj", "{40B6CC59-0656-471C-9DB2-DDB255CB79FA}"
EndProject
Project("{FAE04EC0-301F-11D3-BF4B-00C04F79EFBC}") = "CRCIS.Web.INoor.CRM.Infrastructure", "Framework\CRCIS.Web.INoor.CRM.Infrastructure\CRCIS.Web.INoor.CRM.Infrastructure.csproj", "{B25395E1-EF21-43EE-9C04-3D1264729E5D}"
EndProject
Project("{2150E333-8FDC-42A3-9474-1A3956D46DE8}") = "Presentation", "Presentation", "{CA02C032-5CD9-4422-9F5C-42706B251D7E}"
EndProject
Project("{FAE04EC0-301F-11D3-BF4B-00C04F79EFBC}") = "CRCIS.Web.INoor.CRM.WebApi", "Presentation\CRCIS.Web.INoor.CRM.WebApi\CRCIS.Web.INoor.CRM.WebApi.csproj", "{42F886C5-42B4-43BF-B90E-35FA1860BA34}"
EndProject
Global
	GlobalSection(SolutionConfigurationPlatforms) = preSolution
		Debug|Any CPU = Debug|Any CPU
		Debug|x64 = Debug|x64
		Debug|x86 = Debug|x86
		Release|Any CPU = Release|Any CPU
		Release|x64 = Release|x64
		Release|x86 = Release|x86
	EndGlobalSection
	GlobalSection(ProjectConfigurationPlatforms) = postSolution
		{5688E5B7-4509-4A33-BB96-F3441091CCE0}.Debug|Any CPU.ActiveCfg = Debug|Any CPU
		{5688E5B7-4509-4A33-BB96-F3441091CCE0}.Debug|Any CPU.Build.0 = Debug|Any CPU
		{5688E5B7-4509-4A33-BB96-F3441091CCE0}.Debug|x64.ActiveCfg = Debug|Any CPU
		{5688E5B7-4509-4A33-BB96-F3441091CCE0}.Debug|x64.Build.0 = Debug|Any CPU
		{5688E5B7-4509-4A33-BB96-F3441091CCE0}.Debug|x86.ActiveCfg = Debug|Any CPU
		{5688E5B7-4509-4A33-BB96-F3441091CCE0}.Debug|x86.Build.0 = Debug|Any CPU
		{5688E5B7-4509-4A33-BB96-F3441091CCE0}.Release|Any CPU.ActiveCfg = Release|Any CPU
		{5688E5B7-4509-4A33-BB96-F3441091CCE0}.Release|Any CPU.Build.0 = Release|Any CPU
		{5688E5B7-4509-4A33-BB96-F3441091CCE0}.Release|x64.ActiveCfg = Release|Any CPU
		{5688E5B7-4509-4A33-BB96-F3441091CCE0}.Release|x64.Build.0 = Release|Any CPU
		{5688E5B7-4509-4A33-BB96-F3441091CCE0}.Release|x86.ActiveCfg = Release|Any CPU
		{5688E5B7-4509-4A33-BB96-F3441091CCE0}.Release|x86.Build.0 = Release|Any CPU
		{9304F66A-6121-43D9-A0A7-9BDDDB4E6FDA}.Debug|Any CPU.ActiveCfg = Debug|Any CPU
		{9304F66A-6121-43D9-A0A7-9BDDDB4E6FDA}.Debug|Any CPU.Build.0 = Debug|Any CPU
		{9304F66A-6121-43D9-A0A7-9BDDDB4E6FDA}.Debug|x64.ActiveCfg = Debug|Any CPU
		{9304F66A-6121-43D9-A0A7-9BDDDB4E6FDA}.Debug|x64.Build.0 = Debug|Any CPU
		{9304F66A-6121-43D9-A0A7-9BDDDB4E6FDA}.Debug|x86.ActiveCfg = Debug|Any CPU
		{9304F66A-6121-43D9-A0A7-9BDDDB4E6FDA}.Debug|x86.Build.0 = Debug|Any CPU
		{9304F66A-6121-43D9-A0A7-9BDDDB4E6FDA}.Release|Any CPU.ActiveCfg = Release|Any CPU
		{9304F66A-6121-43D9-A0A7-9BDDDB4E6FDA}.Release|Any CPU.Build.0 = Release|Any CPU
		{9304F66A-6121-43D9-A0A7-9BDDDB4E6FDA}.Release|x64.ActiveCfg = Release|Any CPU
		{9304F66A-6121-43D9-A0A7-9BDDDB4E6FDA}.Release|x64.Build.0 = Release|Any CPU
		{9304F66A-6121-43D9-A0A7-9BDDDB4E6FDA}.Release|x86.ActiveCfg = Release|Any CPU
		{9304F66A-6121-43D9-A0A7-9BDDDB4E6FDA}.Release|x86.Build.0 = Release|Any CPU
		{8B2B1451-517A-4228-AB45-E0CC98375D15}.Debug|Any CPU.ActiveCfg = Debug|Any CPU
		{8B2B1451-517A-4228-AB45-E0CC98375D15}.Debug|Any CPU.Build.0 = Debug|Any CPU
		{8B2B1451-517A-4228-AB45-E0CC98375D15}.Debug|x64.ActiveCfg = Debug|Any CPU
		{8B2B1451-517A-4228-AB45-E0CC98375D15}.Debug|x64.Build.0 = Debug|Any CPU
		{8B2B1451-517A-4228-AB45-E0CC98375D15}.Debug|x86.ActiveCfg = Debug|Any CPU
		{8B2B1451-517A-4228-AB45-E0CC98375D15}.Debug|x86.Build.0 = Debug|Any CPU
		{8B2B1451-517A-4228-AB45-E0CC98375D15}.Release|Any CPU.ActiveCfg = Release|Any CPU
		{8B2B1451-517A-4228-AB45-E0CC98375D15}.Release|Any CPU.Build.0 = Release|Any CPU
		{8B2B1451-517A-4228-AB45-E0CC98375D15}.Release|x64.ActiveCfg = Release|Any CPU
		{8B2B1451-517A-4228-AB45-E0CC98375D15}.Release|x64.Build.0 = Release|Any CPU
		{8B2B1451-517A-4228-AB45-E0CC98375D15}.Release|x86.ActiveCfg = Release|Any CPU
		{8B2B1451-517A-4228-AB45-E0CC98375D15}.Release|x86.Build.0 = Release|Any CPU
		{40B6CC59-0656-471C-9DB2-DDB255CB79FA}.Debug|Any CPU.ActiveCfg = Debug|Any CPU
		{40B6CC59-0656-471C-9DB2-DDB255CB79FA}.Debug|Any CPU.Build.0 = Debug|Any CPU
		{40B6CC59-0656-471C-9DB2-DDB255CB79FA}.Debug|x64.ActiveCfg = Debug|Any CPU
		{40B6CC59-0656-471C-9DB2-DDB255CB79FA}.Debug|x64.Build.0 = Debug|Any CPU
		{40B6CC59-0656-471C-9DB2-DDB255CB79FA}.Debug|x86.ActiveCfg = Debug|Any CPU
		{40B6CC59-0656-471C-9DB2-DDB255CB79FA}.Debug|x86.Build.0 = Debug|Any CPU
		{40B6CC59-0656-471C-9DB2-DDB255CB79FA}.Release|Any CPU.ActiveCfg = Release|Any CPU
		{40B6CC59-0656-471C-9DB2-DDB255CB79FA}.Release|Any CPU.Build.0 = Release|Any CPU
		{40B6CC59-0656-471C-9DB2-DDB255CB79FA}.Release|x64.ActiveCfg = Release|Any CPU
		{40B6CC59-0656-471C-9DB2-DDB255CB79FA}.Release|x64.Build.0 = Release|Any CPU
		{40B6CC59-0656-471C-9DB2-DDB255CB79FA}.Release|x86.ActiveCfg = Release|Any CPU
		{40B6CC59-0656-471C-9DB2-DDB255CB79FA}.Release|x86.Build.0 = Release|Any CPU
		{B25395E1-EF21-43EE-9C04-3D1264729E5D}.Debug|Any CPU.ActiveCfg = Debug|Any CPU
		{B25395E1-EF21-43EE-9C04-3D1264729E5D}.Debug|Any CPU.Build.0 = Debug|Any CPU
		{B25395E1-EF21-43EE-9C04-3D1264729E5D}.Debug|x64.ActiveCfg = Debug|Any CPU
		{B25395E1-EF21-43EE-9C04-3D1264729E5D}.Debug|x64.Build.0 = Debug|Any CPU
		{B25395E1-EF21-43EE-9C04-3D1264729E5D}.Debug|x86.ActiveCfg = Debug|Any CPU
		{B25395E1-EF21-43EE-9C04-3D1264729E5D}.Debug|x86.Build.0 = Debug|Any CPU
		{B25395E1-EF21-43EE-9C04-3D1264729E5D}.Release|Any CPU.ActiveCfg = Release|Any CPU
		{B25395E1-EF21-43EE-9C04-3D1264729E5D}.Release|Any CPU.Build.0 = Release|Any CPU
		{B25395E1-EF21-43EE-9C04-3D1264729E5D}.Release|x64.ActiveCfg = Release|Any CPU
		{B25395E1-EF21-43EE-9C04-3D1264729E5D}.Release|x64.Build.0 = Release|Any CPU
		{B25395E1-EF21-43EE-9C04-3D1264729E5D}.Release|x86.ActiveCfg = Release|Any CPU
		{B25395E1-EF21-43EE-9C04-3D1264729E5D}.Release|x86.Build.0 = Release|Any CPU
		{42F886C5-42B4-43BF-B90E-35FA1860BA34}.Debug|Any CPU.ActiveCfg = Debug|Any CPU
		{42F886C5-42B4-43BF-B90E-35FA1860BA34}.Debug|Any CPU.Build.0 = Debug|Any CPU
		{42F886C5-42B4-43BF-B90E-35FA1860BA34}.Debug|x64.ActiveCfg = Debug|Any CPU
		{42F886C5-42B4-43BF-B90E-35FA1860BA34}.Debug|x64.Build.0 = Debug|Any CPU
		{42F886C5-42B4-43BF-B90E-35FA1860BA34}.Debug|x86.ActiveCfg = Debug|Any CPU
		{42F886C5-42B4-43BF-B90E-35FA1860BA34}.Debug|x86.Build.0 = Debug|Any CPU
		{42F886C5-42B4-43BF-B90E-35FA1860BA34}.Release|Any CPU.ActiveCfg = Release|Any CPU
		{42F886C5-42B4-43BF-B90E-35FA1860BA34}.Release|Any CPU.Build.0 = Release|Any CPU
		{42F886C5-42B4-43BF-B90E-35FA1860BA34}.Release|x64.ActiveCfg = Release|Any CPU
		{42F886C5-42B4-43BF-B90E-35FA1860BA34}.Release|x64.Build.0 = Release|Any CPU
		{42F886C5-42B4-43BF-B90E-35FA1860BA34}.Release|x86.ActiveCfg = Release|Any CPU
		{42F886C5-42B4-43BF-B90E-35FA1860BA34}.Release|x86.Build.0 = Release|Any CPU
	EndGlobalSection
	GlobalSection(SolutionProperties) = preSolution
		HideSolutionNode = FALSE
	EndGlobalSection
	GlobalSection(NestedProjects) = preSolution
		{5688E5B7-4509-4A33-BB96-F3441091CCE0} = {29768849-A914-42C0-80A1-64DAC9B51BDC}
		{9304F66A-6121-43D9-A0A7-9BDDDB4E6FDA} = {7302D268-C572-4961-9C9C-C628F1B9BC56}
		{8B2B1451-517A-4228-AB45-E0CC98375D15} = {D419A07F-AA6C-45DB-A771-D8DB4648CDE6}
		{40B6CC59-0656-471C-9DB2-DDB255CB79FA} = {D419A07F-AA6C-45DB-A771-D8DB4648CDE6}
		{B25395E1-EF21-43EE-9C04-3D1264729E5D} = {D419A07F-AA6C-45DB-A771-D8DB4648CDE6}
		{42F886C5-42B4-43BF-B90E-35FA1860BA34} = {CA02C032-5CD9-4422-9F5C-42706B251D7E}
	EndGlobalSection
	GlobalSection(ExtensibilityGlobals) = postSolution
		SolutionGuid = {EAF3A19A-0F5A-49A0-9FB5-ACD89450E7DA}
	EndGlobalSection
EndGlobal
